
Microsoft Visual Studio Solution File, Format Version 12.00
# Visual Studio Version 17
VisualStudioVersion = 17.13.35806.99 d17.13
MinimumVisualStudioVersion = 10.0.40219.1
Project("{FAE04EC0-301F-11D3-BF4B-00C04F79EFBC}") = "VivoTechPushServer", "VivoTechPushServer\VivoTechPushServer.csproj", "{C7812501-5916-2F9E-5392-76AB01D04EBD}"
EndProject
Global
	GlobalSection(SolutionConfigurationPlatforms) = preSolution
		Debug|Any CPU = Debug|Any CPU
		Release|Any CPU = Release|Any CPU
	EndGlobalSection
	GlobalSection(ProjectConfigurationPlatforms) = postSolution
		{C7812501-5916-2F9E-5392-76AB01D04EBD}.Debug|Any CPU.ActiveCfg = Debug|Any CPU
		{C7812501-5916-2F9E-5392-76AB01D04EBD}.Debug|Any CPU.Build.0 = Debug|Any CPU
		{C7812501-5916-2F9E-5392-76AB01D04EBD}.Release|Any CPU.ActiveCfg = Release|Any CPU
		{C7812501-5916-2F9E-5392-76AB01D04EBD}.Release|Any CPU.Build.0 = Release|Any CPU
	EndGlobalSection
	GlobalSection(SolutionProperties) = preSolution
		HideSolutionNode = FALSE
	EndGlobalSection
	GlobalSection(ExtensibilityGlobals) = postSolution
		SolutionGuid = {96E5CC9F-3EF4-40A1-9004-0ACC2FEEDE59}
	EndGlobalSection
EndGlobal
